
Microsoft Visual Studio Solution File, Format Version 12.00
# Visual Studio Version 17
VisualStudioVersion = 17.0.31903.59
MinimumVisualStudioVersion = 10.0.40219.1
Project("{FAE04EC0-301F-11D3-BF4B-00C04F79EFBC}") = "GraphHealthChecks", "GraphHealthChecks\GraphHealthChecks.csproj", "{77A7DB39-5086-4F5E-9B46-805EE1FF15F3}"
EndProject
Project("{FAE04EC0-301F-11D3-BF4B-00C04F79EFBC}") = "GraphHealthChecks.Tests", "GraphHealthChecks.Tests\GraphHealthChecks.Tests.csproj", "{6D842DBB-37A9-48C9-B563-297F1531C681}"
EndProject
Project("{2150E333-8FDC-42A3-9474-1A3956D46DE8}") = "Solution Items", "Solution Items", "{0102645E-1ADD-4415-AC19-F79C048D7648}"
	ProjectSection(SolutionItems) = preProject
		README.md = README.md
		NOTES.md = NOTES.md
		.gitignore = .gitignore
		global.json = global.json
		LICENSE = LICENSE
		.editorconfig = .editorconfig
	EndProjectSection
EndProject
Global
	GlobalSection(SolutionConfigurationPlatforms) = preSolution
		Debug|Any CPU = Debug|Any CPU
		Release|Any CPU = Release|Any CPU
	EndGlobalSection
	GlobalSection(SolutionProperties) = preSolution
		HideSolutionNode = FALSE
	EndGlobalSection
	GlobalSection(ProjectConfigurationPlatforms) = postSolution
		{77A7DB39-5086-4F5E-9B46-805EE1FF15F3}.Debug|Any CPU.ActiveCfg = Debug|Any CPU
		{77A7DB39-5086-4F5E-9B46-805EE1FF15F3}.Debug|Any CPU.Build.0 = Debug|Any CPU
		{77A7DB39-5086-4F5E-9B46-805EE1FF15F3}.Release|Any CPU.ActiveCfg = Release|Any CPU
		{77A7DB39-5086-4F5E-9B46-805EE1FF15F3}.Release|Any CPU.Build.0 = Release|Any CPU
		{6D842DBB-37A9-48C9-B563-297F1531C681}.Debug|Any CPU.ActiveCfg = Debug|Any CPU
		{6D842DBB-37A9-48C9-B563-297F1531C681}.Debug|Any CPU.Build.0 = Debug|Any CPU
		{6D842DBB-37A9-48C9-B563-297F1531C681}.Release|Any CPU.ActiveCfg = Release|Any CPU
		{6D842DBB-37A9-48C9-B563-297F1531C681}.Release|Any CPU.Build.0 = Release|Any CPU
	EndGlobalSection
EndGlobal
